
Microsoft Visual Studio Solution File, Format Version 12.00
# Visual Studio Version 17
VisualStudioVersion = 17.0.31903.59
MinimumVisualStudioVersion = 10.0.40219.1
Project("{2150E333-8FDC-42A3-9474-1A3956D46DE8}") = "src", "src", "{F01494DF-5E4E-4238-B8A2-D29277F08DCD}"
EndProject
Project("{FAE04EC0-301F-11D3-BF4B-00C04F79EFBC}") = "CallWach.API", "src\CallWach.API\CallWach.API.csproj", "{1963D8CE-83C3-4E1B-A3B3-F0B03D86AD3B}"
EndProject
Project("{FAE04EC0-301F-11D3-BF4B-00C04F79EFBC}") = "CallWatch.Application", "src\CallWatch.Application\CallWatch.Application.csproj", "{2D5E7167-F225-42F9-B776-05542864BCF1}"
EndProject
Global
	GlobalSection(SolutionConfigurationPlatforms) = preSolution
		Debug|Any CPU = Debug|Any CPU
		Release|Any CPU = Release|Any CPU
	EndGlobalSection
	GlobalSection(ProjectConfigurationPlatforms) = postSolution
		{1963D8CE-83C3-4E1B-A3B3-F0B03D86AD3B}.Debug|Any CPU.ActiveCfg = Debug|Any CPU
		{1963D8CE-83C3-4E1B-A3B3-F0B03D86AD3B}.Debug|Any CPU.Build.0 = Debug|Any CPU
		{1963D8CE-83C3-4E1B-A3B3-F0B03D86AD3B}.Release|Any CPU.ActiveCfg = Release|Any CPU
		{1963D8CE-83C3-4E1B-A3B3-F0B03D86AD3B}.Release|Any CPU.Build.0 = Release|Any CPU
		{2D5E7167-F225-42F9-B776-05542864BCF1}.Debug|Any CPU.ActiveCfg = Debug|Any CPU
		{2D5E7167-F225-42F9-B776-05542864BCF1}.Debug|Any CPU.Build.0 = Debug|Any CPU
		{2D5E7167-F225-42F9-B776-05542864BCF1}.Release|Any CPU.ActiveCfg = Release|Any CPU
		{2D5E7167-F225-42F9-B776-05542864BCF1}.Release|Any CPU.Build.0 = Release|Any CPU
	EndGlobalSection
	GlobalSection(SolutionProperties) = preSolution
		HideSolutionNode = FALSE
	EndGlobalSection
	GlobalSection(NestedProjects) = preSolution
		{1963D8CE-83C3-4E1B-A3B3-F0B03D86AD3B} = {F01494DF-5E4E-4238-B8A2-D29277F08DCD}
		{2D5E7167-F225-42F9-B776-05542864BCF1} = {F01494DF-5E4E-4238-B8A2-D29277F08DCD}
	EndGlobalSection
EndGlobal
